
Microsoft Visual Studio Solution File, Format Version 12.00
# Visual Studio Version 17
VisualStudioVersion = 17.11.35219.272
MinimumVisualStudioVersion = 10.0.40219.1
Project("{FAE04EC0-301F-11D3-BF4B-00C04F79EFBC}") = "UniversityProject", "UniversityProject.csproj", "{C3EC9BE3-013C-4A87-A289-8F20536EF8B3}"
EndProject
Global
	GlobalSection(SolutionConfigurationPlatforms) = preSolution
		Debug|Any CPU = Debug|Any CPU
		Release|Any CPU = Release|Any CPU
	EndGlobalSection
	GlobalSection(ProjectConfigurationPlatforms) = postSolution
		{C3EC9BE3-013C-4A87-A289-8F20536EF8B3}.Debug|Any CPU.ActiveCfg = Debug|Any CPU
		{C3EC9BE3-013C-4A87-A289-8F20536EF8B3}.Debug|Any CPU.Build.0 = Debug|Any CPU
		{C3EC9BE3-013C-4A87-A289-8F20536EF8B3}.Release|Any CPU.ActiveCfg = Release|Any CPU
		{C3EC9BE3-013C-4A87-A289-8F20536EF8B3}.Release|Any CPU.Build.0 = Release|Any CPU
	EndGlobalSection
	GlobalSection(SolutionProperties) = preSolution
		HideSolutionNode = FALSE
	EndGlobalSection
	GlobalSection(ExtensibilityGlobals) = postSolution
		SolutionGuid = {B3EF70B7-6978-4F01-A818-E990B76BDB34}
	EndGlobalSection
EndGlobal
